
Microsoft Visual Studio Solution File, Format Version 12.00
# Visual Studio Version 16
VisualStudioVersion = 16.0.30503.244
MinimumVisualStudioVersion = 10.0.40219.1
Project("{9A19103F-16F7-4668-BE54-9A1E7A4F7556}") = "ThinkBridge_Api", "ThinkBridge_Api.csproj", "{17DD467C-64F7-42C1-BE6F-9E345844F8FB}"
EndProject
Project("{FAE04EC0-301F-11D3-BF4B-00C04F79EFBC}") = "ThinkBridge_unitTest", "..\ThinkBridge_unitTest\ThinkBridge_unitTest.csproj", "{B9B690BD-A514-4ABC-9D4F-200FB672A03C}"
EndProject
Global
	GlobalSection(SolutionConfigurationPlatforms) = preSolution
		Debug|Any CPU = Debug|Any CPU
		Release|Any CPU = Release|Any CPU
	EndGlobalSection
	GlobalSection(ProjectConfigurationPlatforms) = postSolution
		{17DD467C-64F7-42C1-BE6F-9E345844F8FB}.Debug|Any CPU.ActiveCfg = Debug|Any CPU
		{17DD467C-64F7-42C1-BE6F-9E345844F8FB}.Debug|Any CPU.Build.0 = Debug|Any CPU
		{17DD467C-64F7-42C1-BE6F-9E345844F8FB}.Release|Any CPU.ActiveCfg = Release|Any CPU
		{17DD467C-64F7-42C1-BE6F-9E345844F8FB}.Release|Any CPU.Build.0 = Release|Any CPU
		{B9B690BD-A514-4ABC-9D4F-200FB672A03C}.Debug|Any CPU.ActiveCfg = Debug|Any CPU
		{B9B690BD-A514-4ABC-9D4F-200FB672A03C}.Debug|Any CPU.Build.0 = Debug|Any CPU
		{B9B690BD-A514-4ABC-9D4F-200FB672A03C}.Release|Any CPU.ActiveCfg = Release|Any CPU
		{B9B690BD-A514-4ABC-9D4F-200FB672A03C}.Release|Any CPU.Build.0 = Release|Any CPU
	EndGlobalSection
	GlobalSection(SolutionProperties) = preSolution
		HideSolutionNode = FALSE
	EndGlobalSection
	GlobalSection(ExtensibilityGlobals) = postSolution
		SolutionGuid = {AF8AC94C-1C8C-4D33-9283-2E112FB4A895}
	EndGlobalSection
EndGlobal
